# THIS IS AN AUTOGENERATED FILE. DO NOT EDIT THIS FILE DIRECTLY.
# yarn lockfile v1


adm-zip@^0.6.1:
  version "0.6.1"
  resolved "https://registry.yarnpkg.com/adm-zip/-/adm-zip-0.6.1.tgz#5b95da4a6e7af0663b71457c06e1517fa6ac8d5f"
  integrity sha512-Xwrja8nx9e5o2N1my4DsKCeKpdrnACyr1wtbPxBDgGzKzKyE9kRtBFA8mWldI+RVlD7CBZNWY/wQ2+ydwOR6kQ==

chalk@^5.6.2:
  version "5.6.2"
  resolved "https://registry.yarnpkg.com/chalk/-/chalk-5.6.2.tgz#b1238b6e23ea337af71c7f8a295db5af0c158aea"
  integrity sha512-7NzBL0rN6fMUW+f7A6Io4h40qQlG+xGmtMxfbnH/K7TAtt8JQWVQK+6g0UXKMeVJoyV5EkkNsErQ8pVD3bLHbA==

data-uri-to-buffer@^4.0.0:
  version "4.0.1"
  resolved "https://registry.yarnpkg.com/data-uri-to-buffer/-/data-uri-to-buffer-4.0.1.tgz#d8feb2b2881e6a4f58c2e08acfd0e2834e26222e"
  integrity sha512-0R9ikRb668HB7QDxT1vkpuUBtqc53YyAwMwGeUFKRojY/NWKvdZ+9UYtRfGmhqNbRkTSVpMbmyhXipFFv2cb/A==

dotenv@^17.4.2:
  version "17.4.2"
  resolved "https://registry.yarnpkg.com/dotenv/-/dotenv-17.4.2.tgz#c07e54a746e11eba021dd9e1047ced5afdc1c034"
  integrity sha512-nI4U3TottKAcAD9LLud4Cb7b2QztQMUEfHbvhTH09bqXTxnSie8WnjPALV/WMCrJZ6UV/qHJ6L03OqO3LcdYZw==

fetch-blob@^3.1.2, fetch-blob@^3.1.4:
  version "3.2.0"
  resolved "https://registry.yarnpkg.com/fetch-blob/-/fetch-blob-3.2.0.tgz#f09b8d4bbd45adc6f0c20b7e787e793e309dcce9"
  integrity sha512-7yAQpD2UMJzLi1Dqv7qFYnPbaPx7ZfFK6PiIxQ4PfkGPyNyl2Ugx+a/umUonmKqjhM4DnfbMvdX6otXq83soQQ==
  dependencies:
    node-domexception "^1.0.0"
    web-streams-polyfill "^3.0.3"

formdata-polyfill@^4.0.10:
  version "4.0.10"
  resolved "https://registry.yarnpkg.com/formdata-polyfill/-/formdata-polyfill-4.0.10.tgz#24807c31c9d402e002ab3d8c720144ceb8848423"
  integrity sha512-buewHzMvYL29jdeQTVILecSaZKnt/RJWjoZCF5OW60Z67/GmSLBkOFM7qh1PI3zFNtJbaZL5eQu1vLfazOwj4g==
  dependencies:
    fetch-blob "^3.1.2"

fsevents@2.3.2:
  version "2.3.2"
  resolved "https://registry.yarnpkg.com/fsevents/-/fsevents-2.3.2.tgz#8a526f78b8fdf4623b709e0b975c52c24c02fd1a"
  integrity sha512-xiqMQR4xAeHTuB9uWm+fFRcIOgKBMiOBP+eXiyT7jsgVCq1bkVygt00oASowB7EdtpOHaaPgKt812P9ab+DDKA==

node-domexception@^1.0.0:
  version "1.0.0"
  resolved "https://registry.yarnpkg.com/node-domexception/-/node-domexception-1.0.0.tgz#6888db46a1f71c0b76b3f7555016b63fe64766e5"
  integrity sha512-/jKZoMpw0F8GRwl4/eLROPA3cfcXtLApP0QzLmUT/HuPCZWyB7IY9ZrMeKw2O/nFIqPQB3PVM9aYm0F312AXDQ==

node-fetch@^3.3.2:
  version "3.3.2"
  resolved "https://registry.yarnpkg.com/node-fetch/-/node-fetch-3.3.2.tgz#d1e889bacdf733b4ff3b2b243eb7a12866a0b78b"
  integrity sha512-dRB78srN/l6gqWulah9SrxeYnxeddIG30+GOqK/9OlLVyLg3HPnr6SqOWTWOXKRwC2eGYCkZ59NNuSgvSrpgOA==
  dependencies:
    data-uri-to-buffer "^4.0.0"
    fetch-blob "^3.1.4"
    formdata-polyfill "^4.0.10"

playwright-core@1.44.1:
  version "1.44.1"
  resolved "https://registry.yarnpkg.com/playwright-core/-/playwright-core-1.44.1.tgz#53ec975503b763af6fc1a7aa995f34bc09ff447c"
  integrity sha512-wh0JWtYTrhv1+OSsLPgFzGzt67Y7BE/ZS3jEqgGBlp2ppp1ZDj8c+9IARNW4dwf1poq5MgHreEM2KV/GuR4cFA==

playwright@1.44.1:
  version "1.44.1"
  resolved "https://registry.yarnpkg.com/playwright/-/playwright-1.44.1.tgz#5634369d777111c1eea9180430b7a184028e7892"
  integrity sha512-qr/0UJ5CFAtloI3avF95Y0L1xQo6r3LQArLIg/z/PoGJ6xa+EwzrwO5lpNr/09STxdHuUoP2mvuELJS+hLdtgg==
  dependencies:
    playwright-core "1.44.1"
  optionalDependencies:
    fsevents "2.3.2"

web-streams-polyfill@^3.0.3:
  version "3.3.3"
  resolved "https://registry.yarnpkg.com/web-streams-polyfill/-/web-streams-polyfill-3.3.3.tgz#2073b91a2fdb1fbfbd401e7de0ac9f8214cecb4b"
  integrity sha512-d2JWLCivmZYTSIoge9MsgFCZrt571BikcWGYkjC1khllbTeDlGqZ2D8vD8E/lJa8WGWbb7Plm8/XJYV7IJHZZw==
